// !$*UTF8*$!
{
	archiveVersion = 1;
	classes = {
	};
	objectVersion = 77;
	objects = {

/* Begin PBXContainerItemProxy section */
		BCDA8F3C2DBDE16400667DE8 /* PBXContainerItemProxy */ = {
			isa = PBXContainerItemProxy;
			containerPortal = BCDA8F262DBDE16200667DE8 /* Project object */;
			proxyType = 1;
			remoteGlobalIDString = BCDA8F2D2DBDE16200667DE8;
			remoteInfo = PersonaTripUI;
		};
		BCDA8F462DBDE16400667DE8 /* PBXContainerItemProxy */ = {
			isa = PBXContainerItemProxy;
			containerPortal = BCDA8F262DBDE16200667DE8 /* Project object */;
			proxyType = 1;
			remoteGlobalIDString = BCDA8F2D2DBDE16200667DE8;
			remoteInfo = PersonaTripUI;
		};
/* End PBXContainerItemProxy section */

/* Begin PBXFileReference section */
		BCDA8F2E2DBDE16200667DE8 /* PersonaTripUI.app */ = {isa = PBXFileReference; explicitFileType = wrapper.application; includeInIndex = 0; path = PersonaTripUI.app; sourceTree = BUILT_PRODUCTS_DIR; };
		BCDA8F3B2DBDE16400667DE8 /* PersonaTripUITests.xctest */ = {isa = PBXFileReference; explicitFileType = wrapper.cfbundle; includeInIndex = 0; path = PersonaTripUITests.xctest; sourceTree = BUILT_PRODUCTS_DIR; };
		BCDA8F452DBDE16400667DE8 /* PersonaTripUIUITests.xctest */ = {isa = PBXFileReference; explicitFileType = wrapper.cfbundle; includeInIndex = 0; path = PersonaTripUIUITests.xctest; sourceTree = BUILT_PRODUCTS_DIR; };
/* End PBXFileReference section */

/* Begin PBXFileSystemSynchronizedRootGroup section */
		BCDA8F302DBDE16200667DE8 /* PersonaTripUI */ = {
			isa = PBXFileSystemSynchronizedRootGroup;
			path = PersonaTripUI;
			sourceTree = "<group>";
		};
		BCDA8F3E2DBDE16400667DE8 /* PersonaTripUITests */ = {
			isa = PBXFileSystemSynchronizedRootGroup;
			path = PersonaTripUITests;
			sourceTree = "<group>";
		};
		BCDA8F482DBDE16400667DE8 /* PersonaTripUIUITests */ = {
			isa = PBXFileSystemSynchronizedRootGroup;
			path = PersonaTripUIUITests;
			sourceTree = "<group>";
		};
/* End PBXFileSystemSynchronizedRootGroup section */

/* Begin PBXFrameworksBuildPhase section */
		BCDA8F2B2DBDE16200667DE8 /* Frameworks */ = {
			isa = PBXFrameworksBuildPhase;
			buildActionMask = 2147483647;
			files = (
			);
			runOnlyForDeploymentPostprocessing = 0;
		};
		BCDA8F382DBDE16400667DE8 /* Frameworks */ = {
			isa = PBXFrameworksBuildPhase;
			buildActionMask = 2147483647;
			files = (
			);
			runOnlyForDeploymentPostprocessing = 0;
		};
		BCDA8F422DBDE16400667DE8 /* Frameworks */ = {
			isa = PBXFrameworksBuildPhase;
			buildActionMask = 2147483647;
			files = (
			);
			runOnlyForDeploymentPostprocessing = 0;
		};
/* End PBXFrameworksBuildPhase section */

/* Begin PBXGroup section */
		BCDA8F252DBDE16200667DE8 = {
			isa = PBXGroup;
			children = (
				BCDA8F302DBDE16200667DE8 /* PersonaTripUI */,
				BCDA8F3E2DBDE16400667DE8 /* PersonaTripUITests */,
				BCDA8F482DBDE16400667DE8 /* PersonaTripUIUITests */,
				BCDA8F2F2DBDE16200667DE8 /* Products */,
			);
			sourceTree = "<group>";
		};
		BCDA8F2F2DBDE16200667DE8 /* Products */ = {
			isa = PBXGroup;
			children = (
				BCDA8F2E2DBDE16200667DE8 /* PersonaTripUI.app */,
				BCDA8F3B2DBDE16400667DE8 /* PersonaTripUITests.xctest */,
				BCDA8F452DBDE16400667DE8 /* PersonaTripUIUITests.xctest */,
			);
			name = Products;
			sourceTree = "<group>";
		};
/* End PBXGroup section */

/* Begin PBXNativeTarget section */
		BCDA8F2D2DBDE16200667DE8 /* PersonaTripUI */ = {
			isa = PBXNativeTarget;
			buildConfigurationList = BCDA8F4F2DBDE16400667DE8 /* Build configuration list for PBXNativeTarget "PersonaTripUI" */;
			buildPhases = (
				BCDA8F2A2DBDE16200667DE8 /* Sources */,
				BCDA8F2B2DBDE16200667DE8 /* Frameworks */,
				BCDA8F2C2DBDE16200667DE8 /* Resources */,
			);
			buildRules = (
			);
			dependencies = (
			);
			fileSystemSynchronizedGroups = (
				BCDA8F302DBDE16200667DE8 /* PersonaTripUI */,
			);
			name = PersonaTripUI;
			packageProductDependencies = (
			);
			productName = PersonaTripUI;
			productReference = BCDA8F2E2DBDE16200667DE8 /* PersonaTripUI.app */;
			productType = "com.apple.product-type.application";
		};
		BCDA8F3A2DBDE16400667DE8 /* PersonaTripUITests */ = {
			isa = PBXNativeTarget;
			buildConfigurationList = BCDA8F522DBDE16400667DE8 /* Build configuration list for PBXNativeTarget "PersonaTripUITests" */;
			buildPhases = (
				BCDA8F372DBDE16400667DE8 /* Sources */,
				BCDA8F382DBDE16400667DE8 /* Frameworks */,
				BCDA8F392DBDE16400667DE8 /* Resources */,
			);
			buildRules = (
			);
			dependencies = (
				BCDA8F3D2DBDE16400667DE8 /* PBXTargetDependency */,
			);
			fileSystemSynchronizedGroups = (
				BCDA8F3E2DBDE16400667DE8 /* PersonaTripUITests */,
			);
			name = PersonaTripUITests;
			packageProductDependencies = (
			);
			productName = PersonaTripUITests;
			productReference = BCDA8F3B2DBDE16400667DE8 /* PersonaTripUITests.xctest */;
			productType = "com.apple.product-type.bundle.unit-test";
		};
		BCDA8F442DBDE16400667DE8 /* PersonaTripUIUITests */ = {
			isa = PBXNativeTarget;
			buildConfigurationList = BCDA8F552DBDE16400667DE8 /* Build configuration list for PBXNativeTarget "PersonaTripUIUITests" */;
			buildPhases = (
				BCDA8F412DBDE16400667DE8 /* Sources */,
				BCDA8F422DBDE16400667DE8 /* Frameworks */,
				BCDA8F432DBDE16400667DE8 /* Resources */,
			);
			buildRules = (
			);
			dependencies = (
				BCDA8F472DBDE16400667DE8 /* PBXTargetDependency */,
			);
			fileSystemSynchronizedGroups = (
				BCDA8F482DBDE16400667DE8 /* PersonaTripUIUITests */,
			);
			name = PersonaTripUIUITests;
			packageProductDependencies = (
			);
			productName = PersonaTripUIUITests;
			productReference = BCDA8F452DBDE16400667DE8 /* PersonaTripUIUITests.xctest */;
			productType = "com.apple.product-type.bundle.ui-testing";
		};
/* End PBXNativeTarget section */

/* Begin PBXProject section */
		BCDA8F262DBDE16200667DE8 /* Project object */ = {
			isa = PBXProject;
			attributes = {
				BuildIndependentTargetsInParallel = 1;
				LastSwiftUpdateCheck = 1630;
				LastUpgradeCheck = 1630;
				TargetAttributes = {
					BCDA8F2D2DBDE16200667DE8 = {
						CreatedOnToolsVersion = 16.3;
					};
					BCDA8F3A2DBDE16400667DE8 = {
						CreatedOnToolsVersion = 16.3;
						TestTargetID = BCDA8F2D2DBDE16200667DE8;
					};
					BCDA8F442DBDE16400667DE8 = {
						CreatedOnToolsVersion = 16.3;
						TestTargetID = BCDA8F2D2DBDE16200667DE8;
					};
				};
			};
			buildConfigurationList = BCDA8F292DBDE16200667DE8 /* Build configuration list for PBXProject "PersonaTripUI" */;
			developmentRegion = en;
			hasScannedForEncodings = 0;
			knownRegions = (
				en,
				Base,
			);
			mainGroup = BCDA8F252DBDE16200667DE8;
			minimizedProjectReferenceProxies = 1;
			preferredProjectObjectVersion = 77;
			productRefGroup = BCDA8F2F2DBDE16200667DE8 /* Products */;
			projectDirPath = "";
			projectRoot = "";
			targets = (
				BCDA8F2D2DBDE16200667DE8 /* PersonaTripUI */,
				BCDA8F3A2DBDE16400667DE8 /* PersonaTripUITests */,
				BCDA8F442DBDE16400667DE8 /* PersonaTripUIUITests */,
			);
		};
/* End PBXProject section */

/* Begin PBXResourcesBuildPhase section */
		BCDA8F2C2DBDE16200667DE8 /* Resources */ = {
			isa = PBXResourcesBuildPhase;
			buildActionMask = 2147483647;
			files = (
			);
			runOnlyForDeploymentPostprocessing = 0;
		};
		BCDA8F392DBDE16400667DE8 /* Resources */ = {
			isa = PBXResourcesBuildPhase;
			buildActionMask = 2147483647;
			files = (
			);
			runOnlyForDeploymentPostprocessing = 0;
		};
		BCDA8F432DBDE16400667DE8 /* Resources */ = {
			isa = PBXResourcesBuildPhase;
			buildActionMask = 2147483647;
			files = (
			);
			runOnlyForDeploymentPostprocessing = 0;
		};
/* End PBXResourcesBuildPhase section */

/* Begin PBXSourcesBuildPhase section */
		BCDA8F2A2DBDE16200667DE8 /* Sources */ = {
			isa = PBXSourcesBuildPhase;
			buildActionMask = 2147483647;
			files = (
			);
			runOnlyForDeploymentPostprocessing = 0;
		};
		BCDA8F372DBDE16400667DE8 /* Sources */ = {
			isa = PBXSourcesBuildPhase;
			buildActionMask = 2147483647;
			files = (
			);
			runOnlyForDeploymentPostprocessing = 0;
		};
		BCDA8F412DBDE16400667DE8 /* Sources */ = {
			isa = PBXSourcesBuildPhase;
			buildActionMask = 2147483647;
			files = (
			);
			runOnlyForDeploymentPostprocessing = 0;
		};
/* End PBXSourcesBuildPhase section */

/* Begin PBXTargetDependency section */
		BCDA8F3D2DBDE16400667DE8 /* PBXTargetDependency */ = {
			isa = PBXTargetDependency;
			target = BCDA8F2D2DBDE16200667DE8 /* PersonaTripUI */;
			targetProxy = BCDA8F3C2DBDE16400667DE8 /* PBXContainerItemProxy */;
		};
		BCDA8F472DBDE16400667DE8 /* PBXTargetDependency */ = {
			isa = PBXTargetDependency;
			target = BCDA8F2D2DBDE16200667DE8 /* PersonaTripUI */;
			targetProxy = BCDA8F462DBDE16400667DE8 /* PBXContainerItemProxy */;
		};
/* End PBXTargetDependency section */

/* Begin XCBuildConfiguration section */
		BCDA8F4D2DBDE16400667DE8 /* Debug */ = {
			isa = XCBuildConfiguration;
			buildSettings = {
				ALWAYS_SEARCH_USER_PATHS = NO;
				ASSETCATALOG_COMPILER_GENERATE_SWIFT_ASSET_SYMBOL_EXTENSIONS = YES;
				CLANG_ANALYZER_NONNULL = YES;
				CLANG_ANALYZER_NUMBER_OBJECT_CONVERSION = YES_AGGRESSIVE;
				CLANG_CXX_LANGUAGE_STANDARD = "gnu++20";
				CLANG_ENABLE_MODULES = YES;
				CLANG_ENABLE_OBJC_ARC = YES;
				CLANG_ENABLE_OBJC_WEAK = YES;
				CLANG_WARN_BLOCK_CAPTURE_AUTORELEASING = YES;
				CLANG_WARN_BOOL_CONVERSION = YES;
				CLANG_WARN_COMMA = YES;
				CLANG_WARN_CONSTANT_CONVERSION = YES;
				CLANG_WARN_DEPRECATED_OBJC_IMPLEMENTATIONS = YES;
				CLANG_WARN_DIRECT_OBJC_ISA_USAGE = YES_ERROR;
				CLANG_WARN_DOCUMENTATION_COMMENTS = YES;
				CLANG_WARN_EMPTY_BODY = YES;
				CLANG_WARN_ENUM_CONVERSION = YES;
				CLANG_WARN_INFINITE_RECURSION = YES;
				CLANG_WARN_INT_CONVERSION = YES;
				CLANG_WARN_NON_LITERAL_NULL_CONVERSION = YES;
				CLANG_WARN_OBJC_IMPLICIT_RETAIN_SELF = YES;
				CLANG_WARN_OBJC_LITERAL_CONVERSION = YES;
				CLANG_WARN_OBJC_ROOT_CLASS = YES_ERROR;
				CLANG_WARN_QUOTED_INCLUDE_IN_FRAMEWORK_HEADER = YES;
				CLANG_WARN_RANGE_LOOP_ANALYSIS = YES;
				CLANG_WARN_STRICT_PROTOTYPES = YES;
				CLANG_WARN_SUSPICIOUS_MOVE = YES;
				CLANG_WARN_UNGUARDED_AVAILABILITY = YES_AGGRESSIVE;
				CLANG_WARN_UNREACHABLE_CODE = YES;
				CLANG_WARN__DUPLICATE_METHOD_MATCH = YES;
				COPY_PHASE_STRIP = NO;
				DEBUG_INFORMATION_FORMAT = dwarf;
				ENABLE_STRICT_OBJC_MSGSEND = YES;
				ENABLE_TESTABILITY = YES;
				ENABLE_USER_SCRIPT_SANDBOXING = YES;
				GCC_C_LANGUAGE_STANDARD = gnu17;
				GCC_DYNAMIC_NO_PIC = NO;
				GCC_NO_COMMON_BLOCKS = YES;
				GCC_OPTIMIZATION_LEVEL = 0;
				GCC_PREPROCESSOR_DEFINITIONS = (
					"DEBUG=1",
					"$(inherited)",
				);
				GCC_WARN_64_TO_32_BIT_CONVERSION = YES;
				GCC_WARN_ABOUT_RETURN_TYPE = YES_ERROR;
				GCC_WARN_UNDECLARED_SELECTOR = YES;
				GCC_WARN_UNINITIALIZED_AUTOS = YES_AGGRESSIVE;
				GCC_WARN_UNUSED_FUNCTION = YES;
				GCC_WARN_UNUSED_VARIABLE = YES;
				IPHONEOS_DEPLOYMENT_TARGET = 18.4;
				LOCALIZATION_PREFERS_STRING_CATALOGS = YES;
				MTL_ENABLE_DEBUG_INFO = INCLUDE_SOURCE;
				MTL_FAST_MATH = YES;
				ONLY_ACTIVE_ARCH = YES;
				SDKROOT = iphoneos;
				SWIFT_ACTIVE_COMPILATION_CONDITIONS = "DEBUG $(inherited)";
				SWIFT_OPTIMIZATION_LEVEL = "-Onone";
			};
			name = Debug;
		};
		BCDA8F4E2DBDE16400667DE8 /* Release */ = {
			isa = XCBuildConfiguration;
			buildSettings = {
				ALWAYS_SEARCH_USER_PATHS = NO;
				ASSETCATALOG_COMPILER_GENERATE_SWIFT_ASSET_SYMBOL_EXTENSIONS = YES;
				CLANG_ANALYZER_NONNULL = YES;
				CLANG_ANALYZER_NUMBER_OBJECT_CONVERSION = YES_AGGRESSIVE;
				CLANG_CXX_LANGUAGE_STANDARD = "gnu++20";
				CLANG_ENABLE_MODULES = YES;
				CLANG_ENABLE_OBJC_ARC = YES;
				CLANG_ENABLE_OBJC_WEAK = YES;
				CLANG_WARN_BLOCK_CAPTURE_AUTORELEASING = YES;
				CLANG_WARN_BOOL_CONVERSION = YES;
				CLANG_WARN_COMMA = YES;
				CLANG_WARN_CONSTANT_CONVERSION = YES;
				CLANG_WARN_DEPRECATED_OBJC_IMPLEMENTATIONS = YES;
				CLANG_WARN_DIRECT_OBJC_ISA_USAGE = YES_ERROR;
				CLANG_WARN_DOCUMENTATION_COMMENTS = YES;
				CLANG_WARN_EMPTY_BODY = YES;
				CLANG_WARN_ENUM_CONVERSION = YES;
				CLANG_WARN_INFINITE_RECURSION = YES;
				CLANG_WARN_INT_CONVERSION = YES;
				CLANG_WARN_NON_LITERAL_NULL_CONVERSION = YES;
				CLANG_WARN_OBJC_IMPLICIT_RETAIN_SELF = YES;
				CLANG_WARN_OBJC_LITERAL_CONVERSION = YES;
				CLANG_WARN_OBJC_ROOT_CLASS = YES_ERROR;
				CLANG_WARN_QUOTED_INCLUDE_IN_FRAMEWORK_HEADER = YES;
				CLANG_WARN_RANGE_LOOP_ANALYSIS = YES;
				CLANG_WARN_STRICT_PROTOTYPES = YES;
				CLANG_WARN_SUSPICIOUS_MOVE = YES;
				CLANG_WARN_UNGUARDED_AVAILABILITY = YES_AGGRESSIVE;
				CLANG_WARN_UNREACHABLE_CODE = YES;
				CLANG_WARN__DUPLICATE_METHOD_MATCH = YES;
				COPY_PHASE_STRIP = NO;
				DEBUG_INFORMATION_FORMAT = "dwarf-with-dsym";
				ENABLE_NS_ASSERTIONS = NO;
				ENABLE_STRICT_OBJC_MSGSEND = YES;
				ENABLE_USER_SCRIPT_SANDBOXING = YES;
				GCC_C_LANGUAGE_STANDARD = gnu17;
				GCC_NO_COMMON_BLOCKS = YES;
				GCC_WARN_64_TO_32_BIT_CONVERSION = YES;
				GCC_WARN_ABOUT_RETURN_TYPE = YES_ERROR;
				GCC_WARN_UNDECLARED_SELECTOR = YES;
				GCC_WARN_UNINITIALIZED_AUTOS = YES_AGGRESSIVE;
				GCC_WARN_UNUSED_FUNCTION = YES;
				GCC_WARN_UNUSED_VARIABLE = YES;
				IPHONEOS_DEPLOYMENT_TARGET = 18.4;
				LOCALIZATION_PREFERS_STRING_CATALOGS = YES;
				MTL_ENABLE_DEBUG_INFO = NO;
				MTL_FAST_MATH = YES;
				SDKROOT = iphoneos;
				SWIFT_COMPILATION_MODE = wholemodule;
				VALIDATE_PRODUCT = YES;
			};
			name = Release;
		};
		BCDA8F502DBDE16400667DE8 /* Debug */ = {
			isa = XCBuildConfiguration;
			buildSettings = {
				ASSETCATALOG_COMPILER_APPICON_NAME = AppIcon;
				ASSETCATALOG_COMPILER_GLOBAL_ACCENT_COLOR_NAME = AccentColor;
				CODE_SIGN_STYLE = Automatic;
				CURRENT_PROJECT_VERSION = 1;
				ENABLE_PREVIEWS = YES;
				GENERATE_INFOPLIST_FILE = YES;
				INFOPLIST_KEY_UIApplicationSceneManifest_Generation = YES;
				INFOPLIST_KEY_UIApplicationSupportsIndirectInputEvents = YES;
				INFOPLIST_KEY_UILaunchScreen_Generation = YES;
				INFOPLIST_KEY_UISupportedInterfaceOrientations_iPad = "UIInterfaceOrientationPortrait UIInterfaceOrientationPortraitUpsideDown UIInterfaceOrientationLandscapeLeft UIInterfaceOrientationLandscapeRight";
				INFOPLIST_KEY_UISupportedInterfaceOrientations_iPhone = "UIInterfaceOrientationPortrait UIInterfaceOrientationLandscapeLeft UIInterfaceOrientationLandscapeRight";
				LD_RUNPATH_SEARCH_PATHS = (
					"$(inherited)",
					"@executable_path/Frameworks",
				);
				MARKETING_VERSION = 1.0;
				PRODUCT_BUNDLE_IDENTIFIER = com.persona.trip.com.PersonaTripUI;
				PRODUCT_NAME = "$(TARGET_NAME)";
				SWIFT_EMIT_LOC_STRINGS = YES;
				SWIFT_VERSION = 5.0;
				TARGETED_DEVICE_FAMILY = "1,2";
			};
			name = Debug;
		};
		BCDA8F512DBDE16400667DE8 /* Release */ = {
			isa = XCBuildConfiguration;
			buildSettings = {
				ASSETCATALOG_COMPILER_APPICON_NAME = AppIcon;
				ASSETCATALOG_COMPILER_GLOBAL_ACCENT_COLOR_NAME = AccentColor;
				CODE_SIGN_STYLE = Automatic;
				CURRENT_PROJECT_VERSION = 1;
				ENABLE_PREVIEWS = YES;
				GENERATE_INFOPLIST_FILE = YES;
				INFOPLIST_KEY_UIApplicationSceneManifest_Generation = YES;
				INFOPLIST_KEY_UIApplicationSupportsIndirectInputEvents = YES;
				INFOPLIST_KEY_UILaunchScreen_Generation = YES;
				INFOPLIST_KEY_UISupportedInterfaceOrientations_iPad = "UIInterfaceOrientationPortrait UIInterfaceOrientationPortraitUpsideDown UIInterfaceOrientationLandscapeLeft UIInterfaceOrientationLandscapeRight";
				INFOPLIST_KEY_UISupportedInterfaceOrientations_iPhone = "UIInterfaceOrientationPortrait UIInterfaceOrientationLandscapeLeft UIInterfaceOrientationLandscapeRight";
				LD_RUNPATH_SEARCH_PATHS = (
					"$(inherited)",
					"@executable_path/Frameworks",
				);
				MARKETING_VERSION = 1.0;
				PRODUCT_BUNDLE_IDENTIFIER = com.persona.trip.com.PersonaTripUI;
				PRODUCT_NAME = "$(TARGET_NAME)";
				SWIFT_EMIT_LOC_STRINGS = YES;
				SWIFT_VERSION = 5.0;
				TARGETED_DEVICE_FAMILY = "1,2";
			};
			name = Release;
		};
		BCDA8F532DBDE16400667DE8 /* Debug */ = {
			isa = XCBuildConfiguration;
			buildSettings = {
				BUNDLE_LOADER = "$(TEST_HOST)";
				CODE_SIGN_STYLE = Automatic;
				CURRENT_PROJECT_VERSION = 1;
				GENERATE_INFOPLIST_FILE = YES;
				IPHONEOS_DEPLOYMENT_TARGET = 18.4;
				MARKETING_VERSION = 1.0;
				PRODUCT_BUNDLE_IDENTIFIER = com.persona.trip.com.PersonaTripUITests;
				PRODUCT_NAME = "$(TARGET_NAME)";
				SWIFT_EMIT_LOC_STRINGS = NO;
				SWIFT_VERSION = 5.0;
				TARGETED_DEVICE_FAMILY = "1,2";
				TEST_HOST = "$(BUILT_PRODUCTS_DIR)/PersonaTripUI.app/$(BUNDLE_EXECUTABLE_FOLDER_PATH)/PersonaTripUI";
			};
			name = Debug;
		};
		BCDA8F542DBDE16400667DE8 /* Release */ = {
			isa = XCBuildConfiguration;
			buildSettings = {
				BUNDLE_LOADER = "$(TEST_HOST)";
				CODE_SIGN_STYLE = Automatic;
				CURRENT_PROJECT_VERSION = 1;
				GENERATE_INFOPLIST_FILE = YES;
				IPHONEOS_DEPLOYMENT_TARGET = 18.4;
				MARKETING_VERSION = 1.0;
				PRODUCT_BUNDLE_IDENTIFIER = com.persona.trip.com.PersonaTripUITests;
				PRODUCT_NAME = "$(TARGET_NAME)";
				SWIFT_EMIT_LOC_STRINGS = NO;
				SWIFT_VERSION = 5.0;
				TARGETED_DEVICE_FAMILY = "1,2";
				TEST_HOST = "$(BUILT_PRODUCTS_DIR)/PersonaTripUI.app/$(BUNDLE_EXECUTABLE_FOLDER_PATH)/PersonaTripUI";
			};
			name = Release;
		};
		BCDA8F562DBDE16400667DE8 /* Debug */ = {
			isa = XCBuildConfiguration;
			buildSettings = {
				CODE_SIGN_STYLE = Automatic;
				CURRENT_PROJECT_VERSION = 1;
				GENERATE_INFOPLIST_FILE = YES;
				MARKETING_VERSION = 1.0;
				PRODUCT_BUNDLE_IDENTIFIER = com.persona.trip.com.PersonaTripUIUITests;
				PRODUCT_NAME = "$(TARGET_NAME)";
				SWIFT_EMIT_LOC_STRINGS = NO;
				SWIFT_VERSION = 5.0;
				TARGETED_DEVICE_FAMILY = "1,2";
				TEST_TARGET_NAME = PersonaTripUI;
			};
			name = Debug;
		};
		BCDA8F572DBDE16400667DE8 /* Release */ = {
			isa = XCBuildConfiguration;
			buildSettings = {
				CODE_SIGN_STYLE = Automatic;
				CURRENT_PROJECT_VERSION = 1;
				GENERATE_INFOPLIST_FILE = YES;
				MARKETING_VERSION = 1.0;
				PRODUCT_BUNDLE_IDENTIFIER = com.persona.trip.com.PersonaTripUIUITests;
				PRODUCT_NAME = "$(TARGET_NAME)";
				SWIFT_EMIT_LOC_STRINGS = NO;
				SWIFT_VERSION = 5.0;
				TARGETED_DEVICE_FAMILY = "1,2";
				TEST_TARGET_NAME = PersonaTripUI;
			};
			name = Release;
		};
/* End XCBuildConfiguration section */

/* Begin XCConfigurationList section */
		BCDA8F292DBDE16200667DE8 /* Build configuration list for PBXProject "PersonaTripUI" */ = {
			isa = XCConfigurationList;
			buildConfigurations = (
				BCDA8F4D2DBDE16400667DE8 /* Debug */,
				BCDA8F4E2DBDE16400667DE8 /* Release */,
			);
			defaultConfigurationIsVisible = 0;
			defaultConfigurationName = Release;
		};
		BCDA8F4F2DBDE16400667DE8 /* Build configuration list for PBXNativeTarget "PersonaTripUI" */ = {
			isa = XCConfigurationList;
			buildConfigurations = (
				BCDA8F502DBDE16400667DE8 /* Debug */,
				BCDA8F512DBDE16400667DE8 /* Release */,
			);
			defaultConfigurationIsVisible = 0;
			defaultConfigurationName = Release;
		};
		BCDA8F522DBDE16400667DE8 /* Build configuration list for PBXNativeTarget "PersonaTripUITests" */ = {
			isa = XCConfigurationList;
			buildConfigurations = (
				BCDA8F532DBDE16400667DE8 /* Debug */,
				BCDA8F542DBDE16400667DE8 /* Release */,
			);
			defaultConfigurationIsVisible = 0;
			defaultConfigurationName = Release;
		};
		BCDA8F552DBDE16400667DE8 /* Build configuration list for PBXNativeTarget "PersonaTripUIUITests" */ = {
			isa = XCConfigurationList;
			buildConfigurations = (
				BCDA8F562DBDE16400667DE8 /* Debug */,
				BCDA8F572DBDE16400667DE8 /* Release */,
			);
			defaultConfigurationIsVisible = 0;
			defaultConfigurationName = Release;
		};
/* End XCConfigurationList section */
	};
	rootObject = BCDA8F262DBDE16200667DE8 /* Project object */;
}
